
Microsoft Visual Studio Solution File, Format Version 12.00
# Visual Studio Version 17
VisualStudioVersion = 17.2.32616.157
MinimumVisualStudioVersion = 10.0.40219.1
Project("{FAE04EC0-301F-11D3-BF4B-00C04F79EFBC}") = "HyperDevCase", "HyperDevCase\HyperDevCase.csproj", "{57C52F2E-EE8D-45D2-A7DB-E3E916B9DD4B}"
EndProject
Global
	GlobalSection(SolutionConfigurationPlatforms) = preSolution
		Debug|Any CPU = Debug|Any CPU
		Release|Any CPU = Release|Any CPU
	EndGlobalSection
	GlobalSection(ProjectConfigurationPlatforms) = postSolution
		{57C52F2E-EE8D-45D2-A7DB-E3E916B9DD4B}.Debug|Any CPU.ActiveCfg = Debug|Any CPU
		{57C52F2E-EE8D-45D2-A7DB-E3E916B9DD4B}.Debug|Any CPU.Build.0 = Debug|Any CPU
		{57C52F2E-EE8D-45D2-A7DB-E3E916B9DD4B}.Release|Any CPU.ActiveCfg = Release|Any CPU
		{57C52F2E-EE8D-45D2-A7DB-E3E916B9DD4B}.Release|Any CPU.Build.0 = Release|Any CPU
	EndGlobalSection
	GlobalSection(SolutionProperties) = preSolution
		HideSolutionNode = FALSE
	EndGlobalSection
	GlobalSection(ExtensibilityGlobals) = postSolution
		SolutionGuid = {B2F50CD9-9445-495C-B09E-19E6B621C218}
	EndGlobalSection
EndGlobal
